// !$*UTF8*$!
{
	archiveVersion = 1;
	classes = {
	};
	objectVersion = 46;
	objects = {

/* Begin PBXBuildFile section */
		73D7C63F0ECCDAD4D32A09ED /* Pods_HDXShareViewDemo.framework in Frameworks */ = {isa = PBXBuildFile; fileRef = 80ABEC92FE1F02849F5A5D90 /* Pods_HDXShareViewDemo.framework */; };
		D5EE69051D7D61A6001EA063 /* AppDelegate.swift in Sources */ = {isa = PBXBuildFile; fileRef = D5EE69041D7D61A6001EA063 /* AppDelegate.swift */; };
		D5EE69071D7D61A6001EA063 /* ViewController.swift in Sources */ = {isa = PBXBuildFile; fileRef = D5EE69061D7D61A6001EA063 /* ViewController.swift */; };
		D5EE690A1D7D61A6001EA063 /* Main.storyboard in Resources */ = {isa = PBXBuildFile; fileRef = D5EE69081D7D61A6001EA063 /* Main.storyboard */; };
		D5EE690F1D7D61A6001EA063 /* LaunchScreen.storyboard in Resources */ = {isa = PBXBuildFile; fileRef = D5EE690D1D7D61A6001EA063 /* LaunchScreen.storyboard */; };
		D5EE69181D7D6376001EA063 /* HDXShareView.swift in Sources */ = {isa = PBXBuildFile; fileRef = D5EE69171D7D6376001EA063 /* HDXShareView.swift */; };
		D5EE691B1D7D63B8001EA063 /* ShareController.swift in Sources */ = {isa = PBXBuildFile; fileRef = D5EE691A1D7D63B8001EA063 /* ShareController.swift */; };
		D5EE691E1D7D6B2A001EA063 /* Alamofire.framework in Frameworks */ = {isa = PBXBuildFile; fileRef = D5EE691C1D7D6B2A001EA063 /* Alamofire.framework */; };
		D5EE691F1D7D6B2A001EA063 /* Cartography.framework in Frameworks */ = {isa = PBXBuildFile; fileRef = D5EE691D1D7D6B2A001EA063 /* Cartography.framework */; };
		D5EE69291D7D6EBE001EA063 /* Localizable.strings in Resources */ = {isa = PBXBuildFile; fileRef = D5EE692B1D7D6EBE001EA063 /* Localizable.strings */; };
		D5EE692E1D7D7167001EA063 /* Images.xcassets in Resources */ = {isa = PBXBuildFile; fileRef = D5EE692D1D7D7167001EA063 /* Images.xcassets */; };
		D5EE69311D7D71CE001EA063 /* Images.swift in Sources */ = {isa = PBXBuildFile; fileRef = D5EE692F1D7D71CE001EA063 /* Images.swift */; };
		D5EE69321D7D71CE001EA063 /* Localizations.swift in Sources */ = {isa = PBXBuildFile; fileRef = D5EE69301D7D71CE001EA063 /* Localizations.swift */; };
		D5EE694E1D7D75B8001EA063 /* Alamofire.framework in Embed Frameworks */ = {isa = PBXBuildFile; fileRef = D5EE691C1D7D6B2A001EA063 /* Alamofire.framework */; settings = {ATTRIBUTES = (CodeSignOnCopy, RemoveHeadersOnCopy, ); }; };
/* End PBXBuildFile section */

/* Begin PBXContainerItemProxy section */
		D5EE69761D7D763A001EA063 /* PBXContainerItemProxy */ = {
			isa = PBXContainerItemProxy;
			containerPortal = D5EE69681D7D763A001EA063 /* Alamofire.xcodeproj */;
			proxyType = 2;
			remoteGlobalIDString = F8111E3319A95C8B0040E7D1;
			remoteInfo = "Alamofire iOS";
		};
		D5EE69781D7D763A001EA063 /* PBXContainerItemProxy */ = {
			isa = PBXContainerItemProxy;
			containerPortal = D5EE69681D7D763A001EA063 /* Alamofire.xcodeproj */;
			proxyType = 2;
			remoteGlobalIDString = F8111E3E19A95C8B0040E7D1;
			remoteInfo = "Alamofire iOS Tests";
		};
		D5EE697A1D7D763A001EA063 /* PBXContainerItemProxy */ = {
			isa = PBXContainerItemProxy;
			containerPortal = D5EE69681D7D763A001EA063 /* Alamofire.xcodeproj */;
			proxyType = 2;
			remoteGlobalIDString = 4DD67C0B1A5C55C900ED2280;
			remoteInfo = "Alamofire OSX";
		};
		D5EE697C1D7D763A001EA063 /* PBXContainerItemProxy */ = {
			isa = PBXContainerItemProxy;
			containerPortal = D5EE69681D7D763A001EA063 /* Alamofire.xcodeproj */;
			proxyType = 2;
			remoteGlobalIDString = F829C6B21A7A94F100A2CD59;
			remoteInfo = "Alamofire OSX Tests";
		};
		D5EE697E1D7D763A001EA063 /* PBXContainerItemProxy */ = {
			isa = PBXContainerItemProxy;
			containerPortal = D5EE69681D7D763A001EA063 /* Alamofire.xcodeproj */;
			proxyType = 2;
			remoteGlobalIDString = 4CF626EF1BA7CB3E0011A099;
			remoteInfo = "Alamofire tvOS";
		};
		D5EE69801D7D763A001EA063 /* PBXContainerItemProxy */ = {
			isa = PBXContainerItemProxy;
			containerPortal = D5EE69681D7D763A001EA063 /* Alamofire.xcodeproj */;
			proxyType = 2;
			remoteGlobalIDString = 4CF626F81BA7CB3E0011A099;
			remoteInfo = "Alamofire tvOS Tests";
		};
		D5EE69821D7D763A001EA063 /* PBXContainerItemProxy */ = {
			isa = PBXContainerItemProxy;
			containerPortal = D5EE69681D7D763A001EA063 /* Alamofire.xcodeproj */;
			proxyType = 2;
			remoteGlobalIDString = E4202FE01B667AA100C997FB;
			remoteInfo = "Alamofire watchOS";
		};
		D5EE69881D7D763A001EA063 /* PBXContainerItemProxy */ = {
			isa = PBXContainerItemProxy;
			containerPortal = D5EE696B1D7D763A001EA063 /* Cartography.xcodeproj */;
			proxyType = 2;
			remoteGlobalIDString = 54C96A11195063CD000CDD27;
			remoteInfo = "Cartography-iOS";
		};
		D5EE698A1D7D763A001EA063 /* PBXContainerItemProxy */ = {
			isa = PBXContainerItemProxy;
			containerPortal = D5EE696B1D7D763A001EA063 /* Cartography.xcodeproj */;
			proxyType = 2;
			remoteGlobalIDString = 54C96A1C195063CD000CDD27;
			remoteInfo = "Cartography-iOS-Tests";
		};
		D5EE698C1D7D763A001EA063 /* PBXContainerItemProxy */ = {
			isa = PBXContainerItemProxy;
			containerPortal = D5EE696B1D7D763A001EA063 /* Cartography.xcodeproj */;
			proxyType = 2;
			remoteGlobalIDString = 54F6A838195C20C100313D24;
			remoteInfo = "Cartography-Mac";
		};
		D5EE698E1D7D763A001EA063 /* PBXContainerItemProxy */ = {
			isa = PBXContainerItemProxy;
			containerPortal = D5EE696B1D7D763A001EA063 /* Cartography.xcodeproj */;
			proxyType = 2;
			remoteGlobalIDString = 54F6A842195C20C200313D24;
			remoteInfo = "Cartography-Mac-Tests";
		};
/* End PBXContainerItemProxy section */

/* Begin PBXCopyFilesBuildPhase section */
		D5EE69331D7D755F001EA063 /* Embed Frameworks */ = {
			isa = PBXCopyFilesBuildPhase;
			buildActionMask = 2147483647;
			dstPath = "";
			dstSubfolderSpec = 10;
			files = (
				D5EE694E1D7D75B8001EA063 /* Alamofire.framework in Embed Frameworks */,
			);
			name = "Embed Frameworks";
			runOnlyForDeploymentPostprocessing = 0;
		};
/* End PBXCopyFilesBuildPhase section */

/* Begin PBXFileReference section */
		12139D2DCB3CFF9005BC360F /* Pods-HDXShareViewDemo.debug.xcconfig */ = {isa = PBXFileReference; includeInIndex = 1; lastKnownFileType = text.xcconfig; name = "Pods-HDXShareViewDemo.debug.xcconfig"; path = "Pods/Target Support Files/Pods-HDXShareViewDemo/Pods-HDXShareViewDemo.debug.xcconfig"; sourceTree = "<group>"; };
		17F5110FBAEA9677CC43D1C6 /* Pods-HDXShareViewDemo.release.xcconfig */ = {isa = PBXFileReference; includeInIndex = 1; lastKnownFileType = text.xcconfig; name = "Pods-HDXShareViewDemo.release.xcconfig"; path = "Pods/Target Support Files/Pods-HDXShareViewDemo/Pods-HDXShareViewDemo.release.xcconfig"; sourceTree = "<group>"; };
		80ABEC92FE1F02849F5A5D90 /* Pods_HDXShareViewDemo.framework */ = {isa = PBXFileReference; explicitFileType = wrapper.framework; includeInIndex = 0; path = Pods_HDXShareViewDemo.framework; sourceTree = BUILT_PRODUCTS_DIR; };
		D5EE69011D7D61A6001EA063 /* HDXShareViewDemo.app */ = {isa = PBXFileReference; explicitFileType = wrapper.application; includeInIndex = 0; path = HDXShareViewDemo.app; sourceTree = BUILT_PRODUCTS_DIR; };
		D5EE69041D7D61A6001EA063 /* AppDelegate.swift */ = {isa = PBXFileReference; lastKnownFileType = sourcecode.swift; path = AppDelegate.swift; sourceTree = "<group>"; };
		D5EE69061D7D61A6001EA063 /* ViewController.swift */ = {isa = PBXFileReference; lastKnownFileType = sourcecode.swift; path = ViewController.swift; sourceTree = "<group>"; };
		D5EE69091D7D61A6001EA063 /* Base */ = {isa = PBXFileReference; lastKnownFileType = file.storyboard; name = Base; path = Base.lproj/Main.storyboard; sourceTree = "<group>"; };
		D5EE690E1D7D61A6001EA063 /* Base */ = {isa = PBXFileReference; lastKnownFileType = file.storyboard; name = Base; path = Base.lproj/LaunchScreen.storyboard; sourceTree = "<group>"; };
		D5EE69101D7D61A6001EA063 /* Info.plist */ = {isa = PBXFileReference; lastKnownFileType = text.plist.xml; path = Info.plist; sourceTree = "<group>"; };
		D5EE69171D7D6376001EA063 /* HDXShareView.swift */ = {isa = PBXFileReference; fileEncoding = 4; lastKnownFileType = sourcecode.swift; path = HDXShareView.swift; sourceTree = "<group>"; };
		D5EE691A1D7D63B8001EA063 /* ShareController.swift */ = {isa = PBXFileReference; fileEncoding = 4; lastKnownFileType = sourcecode.swift; path = ShareController.swift; sourceTree = "<group>"; };
		D5EE691C1D7D6B2A001EA063 /* Alamofire.framework */ = {isa = PBXFileReference; lastKnownFileType = wrapper.framework; name = Alamofire.framework; path = Carthage/Build/iOS/Alamofire.framework; sourceTree = "<group>"; };
		D5EE691D1D7D6B2A001EA063 /* Cartography.framework */ = {isa = PBXFileReference; lastKnownFileType = wrapper.framework; name = Cartography.framework; path = Carthage/Build/iOS/Cartography.framework; sourceTree = "<group>"; };
		D5EE692A1D7D6EBE001EA063 /* en */ = {isa = PBXFileReference; lastKnownFileType = text.plist.strings; name = en; path = en.lproj/Localizable.strings; sourceTree = "<group>"; };
		D5EE692C1D7D6EC1001EA063 /* Base */ = {isa = PBXFileReference; lastKnownFileType = text.plist.strings; name = Base; path = Base.lproj/Localizable.strings; sourceTree = "<group>"; };
		D5EE692D1D7D7167001EA063 /* Images.xcassets */ = {isa = PBXFileReference; lastKnownFileType = folder.assetcatalog; path = Images.xcassets; sourceTree = "<group>"; };
		D5EE692F1D7D71CE001EA063 /* Images.swift */ = {isa = PBXFileReference; fileEncoding = 4; lastKnownFileType = sourcecode.swift; path = Images.swift; sourceTree = "<group>"; };
		D5EE69301D7D71CE001EA063 /* Localizations.swift */ = {isa = PBXFileReference; fileEncoding = 4; lastKnownFileType = sourcecode.swift; path = Localizations.swift; sourceTree = "<group>"; };
		D5EE69681D7D763A001EA063 /* Alamofire.xcodeproj */ = {isa = PBXFileReference; lastKnownFileType = "wrapper.pb-project"; name = Alamofire.xcodeproj; path = Carthage/Checkouts/Alamofire/Alamofire.xcodeproj; sourceTree = "<group>"; };
		D5EE696B1D7D763A001EA063 /* Cartography.xcodeproj */ = {isa = PBXFileReference; lastKnownFileType = "wrapper.pb-project"; name = Cartography.xcodeproj; path = Carthage/Checkouts/Cartography/Cartography.xcodeproj; sourceTree = "<group>"; };
/* End PBXFileReference section */

/* Begin PBXFrameworksBuildPhase section */
		D5EE68FE1D7D61A6001EA063 /* Frameworks */ = {
			isa = PBXFrameworksBuildPhase;
			buildActionMask = 2147483647;
			files = (
				D5EE691E1D7D6B2A001EA063 /* Alamofire.framework in Frameworks */,
				D5EE691F1D7D6B2A001EA063 /* Cartography.framework in Frameworks */,
				73D7C63F0ECCDAD4D32A09ED /* Pods_HDXShareViewDemo.framework in Frameworks */,
			);
			runOnlyForDeploymentPostprocessing = 0;
		};
/* End PBXFrameworksBuildPhase section */

/* Begin PBXGroup section */
		78EC4D4D6683106A47DBC511 /* Pods */ = {
			isa = PBXGroup;
			children = (
				12139D2DCB3CFF9005BC360F /* Pods-HDXShareViewDemo.debug.xcconfig */,
				17F5110FBAEA9677CC43D1C6 /* Pods-HDXShareViewDemo.release.xcconfig */,
			);
			name = Pods;
			sourceTree = "<group>";
		};
		D5EE68F81D7D61A6001EA063 = {
			isa = PBXGroup;
			children = (
				D5EE69201D7D6B39001EA063 /* Frameworks */,
				D5EE69031D7D61A6001EA063 /* HDXShareViewDemo */,
				D5EE69021D7D61A6001EA063 /* Products */,
				78EC4D4D6683106A47DBC511 /* Pods */,
			);
			sourceTree = "<group>";
		};
		D5EE69021D7D61A6001EA063 /* Products */ = {
			isa = PBXGroup;
			children = (
				D5EE69011D7D61A6001EA063 /* HDXShareViewDemo.app */,
			);
			name = Products;
			sourceTree = "<group>";
		};
		D5EE69031D7D61A6001EA063 /* HDXShareViewDemo */ = {
			isa = PBXGroup;
			children = (
				D5EE69231D7D6D41001EA063 /* Resources */,
				D5EE69161D7D6369001EA063 /* HDXShareView */,
				D5EE69041D7D61A6001EA063 /* AppDelegate.swift */,
				D5EE69061D7D61A6001EA063 /* ViewController.swift */,
				D5EE69081D7D61A6001EA063 /* Main.storyboard */,
				D5EE690D1D7D61A6001EA063 /* LaunchScreen.storyboard */,
				D5EE69101D7D61A6001EA063 /* Info.plist */,
			);
			path = HDXShareViewDemo;
			sourceTree = "<group>";
		};
		D5EE69161D7D6369001EA063 /* HDXShareView */ = {
			isa = PBXGroup;
			children = (
				D5EE69191D7D63AB001EA063 /* ShareController */,
				D5EE69171D7D6376001EA063 /* HDXShareView.swift */,
			);
			path = HDXShareView;
			sourceTree = "<group>";
		};
		D5EE69191D7D63AB001EA063 /* ShareController */ = {
			isa = PBXGroup;
			children = (
				D5EE691A1D7D63B8001EA063 /* ShareController.swift */,
			);
			name = ShareController;
			sourceTree = "<group>";
		};
		D5EE69201D7D6B39001EA063 /* Frameworks */ = {
			isa = PBXGroup;
			children = (
				D5EE69681D7D763A001EA063 /* Alamofire.xcodeproj */,
				D5EE696B1D7D763A001EA063 /* Cartography.xcodeproj */,
				D5EE691C1D7D6B2A001EA063 /* Alamofire.framework */,
				D5EE691D1D7D6B2A001EA063 /* Cartography.framework */,
				80ABEC92FE1F02849F5A5D90 /* Pods_HDXShareViewDemo.framework */,
			);
			name = Frameworks;
			sourceTree = "<group>";
		};
		D5EE69231D7D6D41001EA063 /* Resources */ = {
			isa = PBXGroup;
			children = (
				D5EE692F1D7D71CE001EA063 /* Images.swift */,
				D5EE69301D7D71CE001EA063 /* Localizations.swift */,
				D5EE692D1D7D7167001EA063 /* Images.xcassets */,
				D5EE69261D7D6E45001EA063 /* Localization */,
			);
			path = Resources;
			sourceTree = "<group>";
		};
		D5EE69261D7D6E45001EA063 /* Localization */ = {
			isa = PBXGroup;
			children = (
				D5EE692B1D7D6EBE001EA063 /* Localizable.strings */,
			);
			path = Localization;
			sourceTree = "<group>";
		};
		D5EE69691D7D763A001EA063 /* Products */ = {
			isa = PBXGroup;
			children = (
				D5EE69771D7D763A001EA063 /* Alamofire.framework */,
				D5EE69791D7D763A001EA063 /* Alamofire iOS Tests.xctest */,
				D5EE697B1D7D763A001EA063 /* Alamofire.framework */,
				D5EE697D1D7D763A001EA063 /* Alamofire OSX Tests.xctest */,
				D5EE697F1D7D763A001EA063 /* Alamofire.framework */,
				D5EE69811D7D763A001EA063 /* Alamofire tvOS Tests.xctest */,
				D5EE69831D7D763A001EA063 /* Alamofire.framework */,
			);
			name = Products;
			sourceTree = "<group>";
		};
		D5EE696C1D7D763A001EA063 /* Products */ = {
			isa = PBXGroup;
			children = (
				D5EE69891D7D763A001EA063 /* Cartography.framework */,
				D5EE698B1D7D763A001EA063 /* Cartography-iOS-Tests.xctest */,
				D5EE698D1D7D763A001EA063 /* Cartography.framework */,
				D5EE698F1D7D763A001EA063 /* Cartography-Mac-Tests.xctest */,
			);
			name = Products;
			sourceTree = "<group>";
		};
/* End PBXGroup section */

/* Begin PBXNativeTarget section */
		D5EE69001D7D61A6001EA063 /* HDXShareViewDemo */ = {
			isa = PBXNativeTarget;
			buildConfigurationList = D5EE69131D7D61A6001EA063 /* Build configuration list for PBXNativeTarget "HDXShareViewDemo" */;
			buildPhases = (
				E519039D96BCE2C4AC7A34CA /* [CP] Check Pods Manifest.lock */,
				D5EE68FD1D7D61A6001EA063 /* Sources */,
				D5EE68FE1D7D61A6001EA063 /* Frameworks */,
				D5EE68FF1D7D61A6001EA063 /* Resources */,
				D5EE69211D7D6CF8001EA063 /* SwiftGen */,
				51A5D4C6ED271359A54E352F /* [CP] Embed Pods Frameworks */,
				C034D58E0DEF8FC3E2CABD83 /* [CP] Copy Pods Resources */,
				D5EE69331D7D755F001EA063 /* Embed Frameworks */,
			);
			buildRules = (
			);
			dependencies = (
			);
			name = HDXShareViewDemo;
			productName = HDXShareViewDemo;
			productReference = D5EE69011D7D61A6001EA063 /* HDXShareViewDemo.app */;
			productType = "com.apple.product-type.application";
		};
/* End PBXNativeTarget section */

/* Begin PBXProject section */
		D5EE68F91D7D61A6001EA063 /* Project object */ = {
			isa = PBXProject;
			attributes = {
				LastSwiftUpdateCheck = 0730;
				LastUpgradeCheck = 0730;
				ORGANIZATIONNAME = huangdaxia;
				TargetAttributes = {
					D5EE69001D7D61A6001EA063 = {
						CreatedOnToolsVersion = 7.3.1;
					};
				};
			};
			buildConfigurationList = D5EE68FC1D7D61A6001EA063 /* Build configuration list for PBXProject "HDXShareViewDemo" */;
			compatibilityVersion = "Xcode 3.2";
			developmentRegion = English;
			hasScannedForEncodings = 0;
			knownRegions = (
				en,
				Base,
			);
			mainGroup = D5EE68F81D7D61A6001EA063;
			productRefGroup = D5EE69021D7D61A6001EA063 /* Products */;
			projectDirPath = "";
			projectReferences = (
				{
					ProductGroup = D5EE69691D7D763A001EA063 /* Products */;
					ProjectRef = D5EE69681D7D763A001EA063 /* Alamofire.xcodeproj */;
				},
				{
					ProductGroup = D5EE696C1D7D763A001EA063 /* Products */;
					ProjectRef = D5EE696B1D7D763A001EA063 /* Cartography.xcodeproj */;
				},
			);
			projectRoot = "";
			targets = (
				D5EE69001D7D61A6001EA063 /* HDXShareViewDemo */,
			);
		};
/* End PBXProject section */

/* Begin PBXReferenceProxy section */
		D5EE69771D7D763A001EA063 /* Alamofire.framework */ = {
			isa = PBXReferenceProxy;
			fileType = wrapper.framework;
			path = Alamofire.framework;
			remoteRef = D5EE69761D7D763A001EA063 /* PBXContainerItemProxy */;
			sourceTree = BUILT_PRODUCTS_DIR;
		};
		D5EE69791D7D763A001EA063 /* Alamofire iOS Tests.xctest */ = {
			isa = PBXReferenceProxy;
			fileType = wrapper.cfbundle;
			path = "Alamofire iOS Tests.xctest";
			remoteRef = D5EE69781D7D763A001EA063 /* PBXContainerItemProxy */;
			sourceTree = BUILT_PRODUCTS_DIR;
		};
		D5EE697B1D7D763A001EA063 /* Alamofire.framework */ = {
			isa = PBXReferenceProxy;
			fileType = wrapper.framework;
			path = Alamofire.framework;
			remoteRef = D5EE697A1D7D763A001EA063 /* PBXContainerItemProxy */;
			sourceTree = BUILT_PRODUCTS_DIR;
		};
		D5EE697D1D7D763A001EA063 /* Alamofire OSX Tests.xctest */ = {
			isa = PBXReferenceProxy;
			fileType = wrapper.cfbundle;
			path = "Alamofire OSX Tests.xctest";
			remoteRef = D5EE697C1D7D763A001EA063 /* PBXContainerItemProxy */;
			sourceTree = BUILT_PRODUCTS_DIR;
		};
		D5EE697F1D7D763A001EA063 /* Alamofire.framework */ = {
			isa = PBXReferenceProxy;
			fileType = wrapper.framework;
			path = Alamofire.framework;
			remoteRef = D5EE697E1D7D763A001EA063 /* PBXContainerItemProxy */;
			sourceTree = BUILT_PRODUCTS_DIR;
		};
		D5EE69811D7D763A001EA063 /* Alamofire tvOS Tests.xctest */ = {
			isa = PBXReferenceProxy;
			fileType = wrapper.cfbundle;
			path = "Alamofire tvOS Tests.xctest";
			remoteRef = D5EE69801D7D763A001EA063 /* PBXContainerItemProxy */;
			sourceTree = BUILT_PRODUCTS_DIR;
		};
		D5EE69831D7D763A001EA063 /* Alamofire.framework */ = {
			isa = PBXReferenceProxy;
			fileType = wrapper.framework;
			path = Alamofire.framework;
			remoteRef = D5EE69821D7D763A001EA063 /* PBXContainerItemProxy */;
			sourceTree = BUILT_PRODUCTS_DIR;
		};
		D5EE69891D7D763A001EA063 /* Cartography.framework */ = {
			isa = PBXReferenceProxy;
			fileType = wrapper.framework;
			path = Cartography.framework;
			remoteRef = D5EE69881D7D763A001EA063 /* PBXContainerItemProxy */;
			sourceTree = BUILT_PRODUCTS_DIR;
		};
		D5EE698B1D7D763A001EA063 /* Cartography-iOS-Tests.xctest */ = {
			isa = PBXReferenceProxy;
			fileType = wrapper.cfbundle;
			path = "Cartography-iOS-Tests.xctest";
			remoteRef = D5EE698A1D7D763A001EA063 /* PBXContainerItemProxy */;
			sourceTree = BUILT_PRODUCTS_DIR;
		};
		D5EE698D1D7D763A001EA063 /* Cartography.framework */ = {
			isa = PBXReferenceProxy;
			fileType = wrapper.framework;
			path = Cartography.framework;
			remoteRef = D5EE698C1D7D763A001EA063 /* PBXContainerItemProxy */;
			sourceTree = BUILT_PRODUCTS_DIR;
		};
		D5EE698F1D7D763A001EA063 /* Cartography-Mac-Tests.xctest */ = {
			isa = PBXReferenceProxy;
			fileType = wrapper.cfbundle;
			path = "Cartography-Mac-Tests.xctest";
			remoteRef = D5EE698E1D7D763A001EA063 /* PBXContainerItemProxy */;
			sourceTree = BUILT_PRODUCTS_DIR;
		};
/* End PBXReferenceProxy section */

/* Begin PBXResourcesBuildPhase section */
		D5EE68FF1D7D61A6001EA063 /* Resources */ = {
			isa = PBXResourcesBuildPhase;
			buildActionMask = 2147483647;
			files = (
				D5EE690F1D7D61A6001EA063 /* LaunchScreen.storyboard in Resources */,
				D5EE692E1D7D7167001EA063 /* Images.xcassets in Resources */,
				D5EE69291D7D6EBE001EA063 /* Localizable.strings in Resources */,
				D5EE690A1D7D61A6001EA063 /* Main.storyboard in Resources */,
			);
			runOnlyForDeploymentPostprocessing = 0;
		};
/* End PBXResourcesBuildPhase section */

/* Begin PBXShellScriptBuildPhase section */
		51A5D4C6ED271359A54E352F /* [CP] Embed Pods Frameworks */ = {
			isa = PBXShellScriptBuildPhase;
			buildActionMask = 2147483647;
			files = (
			);
			inputPaths = (
			);
			name = "[CP] Embed Pods Frameworks";
			outputPaths = (
			);
			runOnlyForDeploymentPostprocessing = 0;
			shellPath = /bin/sh;
			shellScript = "\"${SRCROOT}/Pods/Target Support Files/Pods-HDXShareViewDemo/Pods-HDXShareViewDemo-frameworks.sh\"\n";
			showEnvVarsInLog = 0;
		};
		C034D58E0DEF8FC3E2CABD83 /* [CP] Copy Pods Resources */ = {
			isa = PBXShellScriptBuildPhase;
			buildActionMask = 2147483647;
			files = (
			);
			inputPaths = (
			);
			name = "[CP] Copy Pods Resources";
			outputPaths = (
			);
			runOnlyForDeploymentPostprocessing = 0;
			shellPath = /bin/sh;
			shellScript = "\"${SRCROOT}/Pods/Target Support Files/Pods-HDXShareViewDemo/Pods-HDXShareViewDemo-resources.sh\"\n";
			showEnvVarsInLog = 0;
		};
		D5EE69211D7D6CF8001EA063 /* SwiftGen */ = {
			isa = PBXShellScriptBuildPhase;
			buildActionMask = 2147483647;
			files = (
			);
			inputPaths = (
			);
			name = SwiftGen;
			outputPaths = (
			);
			runOnlyForDeploymentPostprocessing = 0;
			shellPath = /bin/sh;
			shellScript = "#\"$PODS_ROOT/SwiftGen/bin/swiftgen\" images \"$PROJECT_DIR\" --output \"$PROJECT_DIR/bong/Resources/Images.swift\"\n\"$PODS_ROOT/SwiftGen/bin/swiftgen\" strings \"$PROJECT_DIR/HDXShareViewDemo/Resources/Localization/Base.lproj/Localizable.strings\" --output \"$PROJECT_DIR/HDXShareViewDemo/Resources/Localizations.swift\" --templatePath \"$PROJECT_DIR/HDXShareViewDemo/Resources/Templates/strings-default.stencil\"\n\n\"$PODS_ROOT/SwiftGen/bin/swiftgen\" images \"$PROJECT_DIR/HDXShareViewDemo/Resources/Images.xcassets\" --output \"$PROJECT_DIR/HDXShareViewDemo/Resources/Images.swift\" --templatePath \"$PROJECT_DIR/HDXShareViewDemo/Resources/Templates/images-default.stencil\"";
		};
		E519039D96BCE2C4AC7A34CA /* [CP] Check Pods Manifest.lock */ = {
			isa = PBXShellScriptBuildPhase;
			buildActionMask = 2147483647;
			files = (
			);
			inputPaths = (
			);
			name = "[CP] Check Pods Manifest.lock";
			outputPaths = (
			);
			runOnlyForDeploymentPostprocessing = 0;
			shellPath = /bin/sh;
			shellScript = "diff \"${PODS_ROOT}/../Podfile.lock\" \"${PODS_ROOT}/Manifest.lock\" > /dev/null\nif [[ $? != 0 ]] ; then\n    cat << EOM\nerror: The sandbox is not in sync with the Podfile.lock. Run 'pod install' or update your CocoaPods installation.\nEOM\n    exit 1\nfi\n";
			showEnvVarsInLog = 0;
		};
/* End PBXShellScriptBuildPhase section */

/* Begin PBXSourcesBuildPhase section */
		D5EE68FD1D7D61A6001EA063 /* Sources */ = {
			isa = PBXSourcesBuildPhase;
			buildActionMask = 2147483647;
			files = (
				D5EE69071D7D61A6001EA063 /* ViewController.swift in Sources */,
				D5EE69051D7D61A6001EA063 /* AppDelegate.swift in Sources */,
				D5EE69321D7D71CE001EA063 /* Localizations.swift in Sources */,
				D5EE69311D7D71CE001EA063 /* Images.swift in Sources */,
				D5EE69181D7D6376001EA063 /* HDXShareView.swift in Sources */,
				D5EE691B1D7D63B8001EA063 /* ShareController.swift in Sources */,
			);
			runOnlyForDeploymentPostprocessing = 0;
		};
/* End PBXSourcesBuildPhase section */

/* Begin PBXVariantGroup section */
		D5EE69081D7D61A6001EA063 /* Main.storyboard */ = {
			isa = PBXVariantGroup;
			children = (
				D5EE69091D7D61A6001EA063 /* Base */,
			);
			name = Main.storyboard;
			sourceTree = "<group>";
		};
		D5EE690D1D7D61A6001EA063 /* LaunchScreen.storyboard */ = {
			isa = PBXVariantGroup;
			children = (
				D5EE690E1D7D61A6001EA063 /* Base */,
			);
			name = LaunchScreen.storyboard;
			sourceTree = "<group>";
		};
		D5EE692B1D7D6EBE001EA063 /* Localizable.strings */ = {
			isa = PBXVariantGroup;
			children = (
				D5EE692A1D7D6EBE001EA063 /* en */,
				D5EE692C1D7D6EC1001EA063 /* Base */,
			);
			name = Localizable.strings;
			sourceTree = "<group>";
		};
/* End PBXVariantGroup section */

/* Begin XCBuildConfiguration section */
		D5EE69111D7D61A6001EA063 /* Debug */ = {
			isa = XCBuildConfiguration;
			buildSettings = {
				ALWAYS_SEARCH_USER_PATHS = NO;
				CLANG_ANALYZER_NONNULL = YES;
				CLANG_CXX_LANGUAGE_STANDARD = "gnu++0x";
				CLANG_CXX_LIBRARY = "libc++";
				CLANG_ENABLE_MODULES = YES;
				CLANG_ENABLE_OBJC_ARC = YES;
				CLANG_WARN_BOOL_CONVERSION = YES;
				CLANG_WARN_CONSTANT_CONVERSION = YES;
				CLANG_WARN_DIRECT_OBJC_ISA_USAGE = YES_ERROR;
				CLANG_WARN_EMPTY_BODY = YES;
				CLANG_WARN_ENUM_CONVERSION = YES;
				CLANG_WARN_INT_CONVERSION = YES;
				CLANG_WARN_OBJC_ROOT_CLASS = YES_ERROR;
				CLANG_WARN_UNREACHABLE_CODE = YES;
				CLANG_WARN__DUPLICATE_METHOD_MATCH = YES;
				"CODE_SIGN_IDENTITY[sdk=iphoneos*]" = "iPhone Developer";
				COPY_PHASE_STRIP = NO;
				DEBUG_INFORMATION_FORMAT = dwarf;
				ENABLE_STRICT_OBJC_MSGSEND = YES;
				ENABLE_TESTABILITY = YES;
				GCC_C_LANGUAGE_STANDARD = gnu99;
				GCC_DYNAMIC_NO_PIC = NO;
				GCC_NO_COMMON_BLOCKS = YES;
				GCC_OPTIMIZATION_LEVEL = 0;
				GCC_PREPROCESSOR_DEFINITIONS = (
					"DEBUG=1",
					"$(inherited)",
				);
				GCC_WARN_64_TO_32_BIT_CONVERSION = YES;
				GCC_WARN_ABOUT_RETURN_TYPE = YES_ERROR;
				GCC_WARN_UNDECLARED_SELECTOR = YES;
				GCC_WARN_UNINITIALIZED_AUTOS = YES_AGGRESSIVE;
				GCC_WARN_UNUSED_FUNCTION = YES;
				GCC_WARN_UNUSED_VARIABLE = YES;
				IPHONEOS_DEPLOYMENT_TARGET = 9.3;
				MTL_ENABLE_DEBUG_INFO = YES;
				ONLY_ACTIVE_ARCH = YES;
				SDKROOT = iphoneos;
				SWIFT_OPTIMIZATION_LEVEL = "-Onone";
				TARGETED_DEVICE_FAMILY = "1,2";
			};
			name = Debug;
		};
		D5EE69121D7D61A6001EA063 /* Release */ = {
			isa = XCBuildConfiguration;
			buildSettings = {
				ALWAYS_SEARCH_USER_PATHS = NO;
				CLANG_ANALYZER_NONNULL = YES;
				CLANG_CXX_LANGUAGE_STANDARD = "gnu++0x";
				CLANG_CXX_LIBRARY = "libc++";
				CLANG_ENABLE_MODULES = YES;
				CLANG_ENABLE_OBJC_ARC = YES;
				CLANG_WARN_BOOL_CONVERSION = YES;
				CLANG_WARN_CONSTANT_CONVERSION = YES;
				CLANG_WARN_DIRECT_OBJC_ISA_USAGE = YES_ERROR;
				CLANG_WARN_EMPTY_BODY = YES;
				CLANG_WARN_ENUM_CONVERSION = YES;
				CLANG_WARN_INT_CONVERSION = YES;
				CLANG_WARN_OBJC_ROOT_CLASS = YES_ERROR;
				CLANG_WARN_UNREACHABLE_CODE = YES;
				CLANG_WARN__DUPLICATE_METHOD_MATCH = YES;
				"CODE_SIGN_IDENTITY[sdk=iphoneos*]" = "iPhone Developer";
				COPY_PHASE_STRIP = NO;
				DEBUG_INFORMATION_FORMAT = "dwarf-with-dsym";
				ENABLE_NS_ASSERTIONS = NO;
				ENABLE_STRICT_OBJC_MSGSEND = YES;
				GCC_C_LANGUAGE_STANDARD = gnu99;
				GCC_NO_COMMON_BLOCKS = YES;
				GCC_WARN_64_TO_32_BIT_CONVERSION = YES;
				GCC_WARN_ABOUT_RETURN_TYPE = YES_ERROR;
				GCC_WARN_UNDECLARED_SELECTOR = YES;
				GCC_WARN_UNINITIALIZED_AUTOS = YES_AGGRESSIVE;
				GCC_WARN_UNUSED_FUNCTION = YES;
				GCC_WARN_UNUSED_VARIABLE = YES;
				IPHONEOS_DEPLOYMENT_TARGET = 9.3;
				MTL_ENABLE_DEBUG_INFO = NO;
				SDKROOT = iphoneos;
				TARGETED_DEVICE_FAMILY = "1,2";
				VALIDATE_PRODUCT = YES;
			};
			name = Release;
		};
		D5EE69141D7D61A6001EA063 /* Debug */ = {
			isa = XCBuildConfiguration;
			baseConfigurationReference = 12139D2DCB3CFF9005BC360F /* Pods-HDXShareViewDemo.debug.xcconfig */;
			buildSettings = {
				FRAMEWORK_SEARCH_PATHS = (
					"$(inherited)",
					"$(PROJECT_DIR)/Carthage/Build/iOS",
				);
				INFOPLIST_FILE = HDXShareViewDemo/Info.plist;
				LD_RUNPATH_SEARCH_PATHS = "$(inherited) @executable_path/Frameworks";
				PRODUCT_BUNDLE_IDENTIFIER = cn.bong.HDXShareViewDemo;
				PRODUCT_NAME = "$(TARGET_NAME)";
			};
			name = Debug;
		};
		D5EE69151D7D61A6001EA063 /* Release */ = {
			isa = XCBuildConfiguration;
			baseConfigurationReference = 17F5110FBAEA9677CC43D1C6 /* Pods-HDXShareViewDemo.release.xcconfig */;
			buildSettings = {
				FRAMEWORK_SEARCH_PATHS = (
					"$(inherited)",
					"$(PROJECT_DIR)/Carthage/Build/iOS",
				);
				INFOPLIST_FILE = HDXShareViewDemo/Info.plist;
				LD_RUNPATH_SEARCH_PATHS = "$(inherited) @executable_path/Frameworks";
				PRODUCT_BUNDLE_IDENTIFIER = cn.bong.HDXShareViewDemo;
				PRODUCT_NAME = "$(TARGET_NAME)";
			};
			name = Release;
		};
/* End XCBuildConfiguration section */

/* Begin XCConfigurationList section */
		D5EE68FC1D7D61A6001EA063 /* Build configuration list for PBXProject "HDXShareViewDemo" */ = {
			isa = XCConfigurationList;
			buildConfigurations = (
				D5EE69111D7D61A6001EA063 /* Debug */,
				D5EE69121D7D61A6001EA063 /* Release */,
			);
			defaultConfigurationIsVisible = 0;
			defaultConfigurationName = Release;
		};
		D5EE69131D7D61A6001EA063 /* Build configuration list for PBXNativeTarget "HDXShareViewDemo" */ = {
			isa = XCConfigurationList;
			buildConfigurations = (
				D5EE69141D7D61A6001EA063 /* Debug */,
				D5EE69151D7D61A6001EA063 /* Release */,
			);
			defaultConfigurationIsVisible = 0;
			defaultConfigurationName = Release;
		};
/* End XCConfigurationList section */
	};
	rootObject = D5EE68F91D7D61A6001EA063 /* Project object */;
}
